
Microsoft Visual Studio Solution File, Format Version 12.00
# Visual Studio 14
VisualStudioVersion = 14.0.25420.1
MinimumVisualStudioVersion = 10.0.40219.1
Project("{FAE04EC0-301F-11D3-BF4B-00C04F79EFBC}") = "Template.dll", "TemplateDll\Template.dll.csproj", "{52FC8FC3-B452-46CE-A319-04155E9E2EA2}"
EndProject
Project("{FAE04EC0-301F-11D3-BF4B-00C04F79EFBC}") = "App", "App\App.csproj", "{9F37BB44-8139-40DE-9781-E61859FE0698}"
EndProject
Project("{FAE04EC0-301F-11D3-BF4B-00C04F79EFBC}") = "KozaDisk", "KozaDisk\KozaDisk.csproj", "{08EED6B0-DE7E-4464-A9A4-DC597E1DF63E}"
EndProject
Project("{6141683F-8A12-4E36-9623-2EB02B2C2303}") = "InstallShield", "InstallShield\InstallShield.isproj", "{E47A9192-0357-4FC0-94B6-798834724A65}"
EndProject
Global
	GlobalSection(SolutionConfigurationPlatforms) = preSolution
		CD_ROM|Any CPU = CD_ROM|Any CPU
		CD_ROM|x64 = CD_ROM|x64
		CD_ROM|x86 = CD_ROM|x86
		Debug|Any CPU = Debug|Any CPU
		Debug|x64 = Debug|x64
		Debug|x86 = Debug|x86
		DVD-5|Any CPU = DVD-5|Any CPU
		DVD-5|x64 = DVD-5|x64
		DVD-5|x86 = DVD-5|x86
		Release|Any CPU = Release|Any CPU
		Release|x64 = Release|x64
		Release|x86 = Release|x86
		SingleImage|Any CPU = SingleImage|Any CPU
		SingleImage|x64 = SingleImage|x64
		SingleImage|x86 = SingleImage|x86
	EndGlobalSection
	GlobalSection(ProjectConfigurationPlatforms) = postSolution
		{52FC8FC3-B452-46CE-A319-04155E9E2EA2}.CD_ROM|Any CPU.ActiveCfg = Release|Any CPU
		{52FC8FC3-B452-46CE-A319-04155E9E2EA2}.CD_ROM|Any CPU.Build.0 = Release|Any CPU
		{52FC8FC3-B452-46CE-A319-04155E9E2EA2}.CD_ROM|x64.ActiveCfg = Release|Any CPU
		{52FC8FC3-B452-46CE-A319-04155E9E2EA2}.CD_ROM|x64.Build.0 = Release|Any CPU
		{52FC8FC3-B452-46CE-A319-04155E9E2EA2}.CD_ROM|x86.ActiveCfg = Release|Any CPU
		{52FC8FC3-B452-46CE-A319-04155E9E2EA2}.CD_ROM|x86.Build.0 = Release|Any CPU
		{52FC8FC3-B452-46CE-A319-04155E9E2EA2}.Debug|Any CPU.ActiveCfg = Debug|Any CPU
		{52FC8FC3-B452-46CE-A319-04155E9E2EA2}.Debug|Any CPU.Build.0 = Debug|Any CPU
		{52FC8FC3-B452-46CE-A319-04155E9E2EA2}.Debug|x64.ActiveCfg = Debug|Any CPU
		{52FC8FC3-B452-46CE-A319-04155E9E2EA2}.Debug|x64.Build.0 = Debug|Any CPU
		{52FC8FC3-B452-46CE-A319-04155E9E2EA2}.Debug|x86.ActiveCfg = Debug|Any CPU
		{52FC8FC3-B452-46CE-A319-04155E9E2EA2}.Debug|x86.Build.0 = Debug|Any CPU
		{52FC8FC3-B452-46CE-A319-04155E9E2EA2}.DVD-5|Any CPU.ActiveCfg = Debug|Any CPU
		{52FC8FC3-B452-46CE-A319-04155E9E2EA2}.DVD-5|Any CPU.Build.0 = Debug|Any CPU
		{52FC8FC3-B452-46CE-A319-04155E9E2EA2}.DVD-5|x64.ActiveCfg = Debug|Any CPU
		{52FC8FC3-B452-46CE-A319-04155E9E2EA2}.DVD-5|x64.Build.0 = Debug|Any CPU
		{52FC8FC3-B452-46CE-A319-04155E9E2EA2}.DVD-5|x86.ActiveCfg = Debug|Any CPU
		{52FC8FC3-B452-46CE-A319-04155E9E2EA2}.DVD-5|x86.Build.0 = Debug|Any CPU
		{52FC8FC3-B452-46CE-A319-04155E9E2EA2}.Release|Any CPU.ActiveCfg = Release|Any CPU
		{52FC8FC3-B452-46CE-A319-04155E9E2EA2}.Release|x64.ActiveCfg = Release|Any CPU
		{52FC8FC3-B452-46CE-A319-04155E9E2EA2}.Release|x64.Build.0 = Release|Any CPU
		{52FC8FC3-B452-46CE-A319-04155E9E2EA2}.Release|x86.ActiveCfg = Release|Any CPU
		{52FC8FC3-B452-46CE-A319-04155E9E2EA2}.SingleImage|Any CPU.ActiveCfg = Release|Any CPU
		{52FC8FC3-B452-46CE-A319-04155E9E2EA2}.SingleImage|Any CPU.Build.0 = Release|Any CPU
		{52FC8FC3-B452-46CE-A319-04155E9E2EA2}.SingleImage|x64.ActiveCfg = Release|Any CPU
		{52FC8FC3-B452-46CE-A319-04155E9E2EA2}.SingleImage|x64.Build.0 = Release|Any CPU
		{52FC8FC3-B452-46CE-A319-04155E9E2EA2}.SingleImage|x86.ActiveCfg = Release|Any CPU
		{52FC8FC3-B452-46CE-A319-04155E9E2EA2}.SingleImage|x86.Build.0 = Release|Any CPU
		{9F37BB44-8139-40DE-9781-E61859FE0698}.CD_ROM|Any CPU.ActiveCfg = Release|Any CPU
		{9F37BB44-8139-40DE-9781-E61859FE0698}.CD_ROM|Any CPU.Build.0 = Release|Any CPU
		{9F37BB44-8139-40DE-9781-E61859FE0698}.CD_ROM|x64.ActiveCfg = Release|Any CPU
		{9F37BB44-8139-40DE-9781-E61859FE0698}.CD_ROM|x64.Build.0 = Release|Any CPU
		{9F37BB44-8139-40DE-9781-E61859FE0698}.CD_ROM|x86.ActiveCfg = Release|Any CPU
		{9F37BB44-8139-40DE-9781-E61859FE0698}.CD_ROM|x86.Build.0 = Release|Any CPU
		{9F37BB44-8139-40DE-9781-E61859FE0698}.Debug|Any CPU.ActiveCfg = Debug|Any CPU
		{9F37BB44-8139-40DE-9781-E61859FE0698}.Debug|Any CPU.Build.0 = Debug|Any CPU
		{9F37BB44-8139-40DE-9781-E61859FE0698}.Debug|x64.ActiveCfg = Debug|Any CPU
		{9F37BB44-8139-40DE-9781-E61859FE0698}.Debug|x64.Build.0 = Debug|Any CPU
		{9F37BB44-8139-40DE-9781-E61859FE0698}.Debug|x86.ActiveCfg = Debug|Any CPU
		{9F37BB44-8139-40DE-9781-E61859FE0698}.Debug|x86.Build.0 = Debug|Any CPU
		{9F37BB44-8139-40DE-9781-E61859FE0698}.DVD-5|Any CPU.ActiveCfg = Debug|Any CPU
		{9F37BB44-8139-40DE-9781-E61859FE0698}.DVD-5|Any CPU.Build.0 = Debug|Any CPU
		{9F37BB44-8139-40DE-9781-E61859FE0698}.DVD-5|x64.ActiveCfg = Debug|Any CPU
		{9F37BB44-8139-40DE-9781-E61859FE0698}.DVD-5|x64.Build.0 = Debug|Any CPU
		{9F37BB44-8139-40DE-9781-E61859FE0698}.DVD-5|x86.ActiveCfg = Debug|Any CPU
		{9F37BB44-8139-40DE-9781-E61859FE0698}.DVD-5|x86.Build.0 = Debug|Any CPU
		{9F37BB44-8139-40DE-9781-E61859FE0698}.Release|Any CPU.ActiveCfg = Release|Any CPU
		{9F37BB44-8139-40DE-9781-E61859FE0698}.Release|x64.ActiveCfg = Release|Any CPU
		{9F37BB44-8139-40DE-9781-E61859FE0698}.Release|x64.Build.0 = Release|Any CPU
		{9F37BB44-8139-40DE-9781-E61859FE0698}.Release|x86.ActiveCfg = Release|Any CPU
		{9F37BB44-8139-40DE-9781-E61859FE0698}.SingleImage|Any CPU.ActiveCfg = Release|Any CPU
		{9F37BB44-8139-40DE-9781-E61859FE0698}.SingleImage|Any CPU.Build.0 = Release|Any CPU
		{9F37BB44-8139-40DE-9781-E61859FE0698}.SingleImage|x64.ActiveCfg = Release|Any CPU
		{9F37BB44-8139-40DE-9781-E61859FE0698}.SingleImage|x64.Build.0 = Release|Any CPU
		{9F37BB44-8139-40DE-9781-E61859FE0698}.SingleImage|x86.ActiveCfg = Release|Any CPU
		{9F37BB44-8139-40DE-9781-E61859FE0698}.SingleImage|x86.Build.0 = Release|Any CPU
		{08EED6B0-DE7E-4464-A9A4-DC597E1DF63E}.CD_ROM|Any CPU.ActiveCfg = Release|Any CPU
		{08EED6B0-DE7E-4464-A9A4-DC597E1DF63E}.CD_ROM|Any CPU.Build.0 = Release|Any CPU
		{08EED6B0-DE7E-4464-A9A4-DC597E1DF63E}.CD_ROM|x64.ActiveCfg = Release|Any CPU
		{08EED6B0-DE7E-4464-A9A4-DC597E1DF63E}.CD_ROM|x64.Build.0 = Release|Any CPU
		{08EED6B0-DE7E-4464-A9A4-DC597E1DF63E}.CD_ROM|x86.ActiveCfg = Release|Any CPU
		{08EED6B0-DE7E-4464-A9A4-DC597E1DF63E}.CD_ROM|x86.Build.0 = Release|Any CPU
		{08EED6B0-DE7E-4464-A9A4-DC597E1DF63E}.Debug|Any CPU.ActiveCfg = Debug|Any CPU
		{08EED6B0-DE7E-4464-A9A4-DC597E1DF63E}.Debug|Any CPU.Build.0 = Debug|Any CPU
		{08EED6B0-DE7E-4464-A9A4-DC597E1DF63E}.Debug|x64.ActiveCfg = Debug|Any CPU
		{08EED6B0-DE7E-4464-A9A4-DC597E1DF63E}.Debug|x64.Build.0 = Debug|Any CPU
		{08EED6B0-DE7E-4464-A9A4-DC597E1DF63E}.Debug|x86.ActiveCfg = Debug|Any CPU
		{08EED6B0-DE7E-4464-A9A4-DC597E1DF63E}.Debug|x86.Build.0 = Debug|Any CPU
		{08EED6B0-DE7E-4464-A9A4-DC597E1DF63E}.DVD-5|Any CPU.ActiveCfg = Debug|Any CPU
		{08EED6B0-DE7E-4464-A9A4-DC597E1DF63E}.DVD-5|Any CPU.Build.0 = Debug|Any CPU
		{08EED6B0-DE7E-4464-A9A4-DC597E1DF63E}.DVD-5|x64.ActiveCfg = Debug|Any CPU
		{08EED6B0-DE7E-4464-A9A4-DC597E1DF63E}.DVD-5|x64.Build.0 = Debug|Any CPU
		{08EED6B0-DE7E-4464-A9A4-DC597E1DF63E}.DVD-5|x86.ActiveCfg = Debug|Any CPU
		{08EED6B0-DE7E-4464-A9A4-DC597E1DF63E}.DVD-5|x86.Build.0 = Debug|Any CPU
		{08EED6B0-DE7E-4464-A9A4-DC597E1DF63E}.Release|Any CPU.ActiveCfg = Release|Any CPU
		{08EED6B0-DE7E-4464-A9A4-DC597E1DF63E}.Release|x64.ActiveCfg = Release|Any CPU
		{08EED6B0-DE7E-4464-A9A4-DC597E1DF63E}.Release|x64.Build.0 = Release|Any CPU
		{08EED6B0-DE7E-4464-A9A4-DC597E1DF63E}.Release|x86.ActiveCfg = Release|Any CPU
		{08EED6B0-DE7E-4464-A9A4-DC597E1DF63E}.SingleImage|Any CPU.ActiveCfg = Release|Any CPU
		{08EED6B0-DE7E-4464-A9A4-DC597E1DF63E}.SingleImage|Any CPU.Build.0 = Release|Any CPU
		{08EED6B0-DE7E-4464-A9A4-DC597E1DF63E}.SingleImage|x64.ActiveCfg = Release|Any CPU
		{08EED6B0-DE7E-4464-A9A4-DC597E1DF63E}.SingleImage|x64.Build.0 = Release|Any CPU
		{08EED6B0-DE7E-4464-A9A4-DC597E1DF63E}.SingleImage|x86.ActiveCfg = Release|Any CPU
		{08EED6B0-DE7E-4464-A9A4-DC597E1DF63E}.SingleImage|x86.Build.0 = Release|Any CPU
		{E47A9192-0357-4FC0-94B6-798834724A65}.CD_ROM|Any CPU.ActiveCfg = CD_ROM
		{E47A9192-0357-4FC0-94B6-798834724A65}.CD_ROM|Any CPU.Build.0 = CD_ROM
		{E47A9192-0357-4FC0-94B6-798834724A65}.CD_ROM|x64.ActiveCfg = CD_ROM
		{E47A9192-0357-4FC0-94B6-798834724A65}.CD_ROM|x64.Build.0 = CD_ROM
		{E47A9192-0357-4FC0-94B6-798834724A65}.CD_ROM|x86.ActiveCfg = CD_ROM
		{E47A9192-0357-4FC0-94B6-798834724A65}.CD_ROM|x86.Build.0 = CD_ROM
		{E47A9192-0357-4FC0-94B6-798834724A65}.Debug|Any CPU.ActiveCfg = DVD-5
		{E47A9192-0357-4FC0-94B6-798834724A65}.Debug|Any CPU.Build.0 = DVD-5
		{E47A9192-0357-4FC0-94B6-798834724A65}.Debug|x64.ActiveCfg = DVD-5
		{E47A9192-0357-4FC0-94B6-798834724A65}.Debug|x64.Build.0 = DVD-5
		{E47A9192-0357-4FC0-94B6-798834724A65}.Debug|x86.ActiveCfg = DVD-5
		{E47A9192-0357-4FC0-94B6-798834724A65}.Debug|x86.Build.0 = DVD-5
		{E47A9192-0357-4FC0-94B6-798834724A65}.DVD-5|Any CPU.ActiveCfg = DVD-5
		{E47A9192-0357-4FC0-94B6-798834724A65}.DVD-5|Any CPU.Build.0 = DVD-5
		{E47A9192-0357-4FC0-94B6-798834724A65}.DVD-5|x64.ActiveCfg = DVD-5
		{E47A9192-0357-4FC0-94B6-798834724A65}.DVD-5|x64.Build.0 = DVD-5
		{E47A9192-0357-4FC0-94B6-798834724A65}.DVD-5|x86.ActiveCfg = DVD-5
		{E47A9192-0357-4FC0-94B6-798834724A65}.DVD-5|x86.Build.0 = DVD-5
		{E47A9192-0357-4FC0-94B6-798834724A65}.Release|Any CPU.ActiveCfg = SingleImage
		{E47A9192-0357-4FC0-94B6-798834724A65}.Release|Any CPU.Build.0 = SingleImage
		{E47A9192-0357-4FC0-94B6-798834724A65}.Release|x64.ActiveCfg = SingleImage
		{E47A9192-0357-4FC0-94B6-798834724A65}.Release|x64.Build.0 = SingleImage
		{E47A9192-0357-4FC0-94B6-798834724A65}.Release|x86.ActiveCfg = SingleImage
		{E47A9192-0357-4FC0-94B6-798834724A65}.Release|x86.Build.0 = SingleImage
		{E47A9192-0357-4FC0-94B6-798834724A65}.SingleImage|Any CPU.ActiveCfg = SingleImage
		{E47A9192-0357-4FC0-94B6-798834724A65}.SingleImage|Any CPU.Build.0 = SingleImage
		{E47A9192-0357-4FC0-94B6-798834724A65}.SingleImage|x64.ActiveCfg = SingleImage
		{E47A9192-0357-4FC0-94B6-798834724A65}.SingleImage|x64.Build.0 = SingleImage
		{E47A9192-0357-4FC0-94B6-798834724A65}.SingleImage|x86.ActiveCfg = SingleImage
		{E47A9192-0357-4FC0-94B6-798834724A65}.SingleImage|x86.Build.0 = SingleImage
	EndGlobalSection
	GlobalSection(SolutionProperties) = preSolution
		HideSolutionNode = FALSE
	EndGlobalSection
EndGlobal
